
Microsoft Visual Studio Solution File, Format Version 12.00
# Visual Studio Version 17
VisualStudioVersion = 17.5.002.0
MinimumVisualStudioVersion = 10.0.40219.1
Project("{9A19103F-16F7-4668-BE54-9A1E7A4F7556}") = "cs-01-basico", "cs-01-basico.csproj", "{D0D4280C-6850-441A-8209-CE0CE3C2104F}"
EndProject
Global
	GlobalSection(SolutionConfigurationPlatforms) = preSolution
		Debug|Any CPU = Debug|Any CPU
		Release|Any CPU = Release|Any CPU
	EndGlobalSection
	GlobalSection(ProjectConfigurationPlatforms) = postSolution
		{D0D4280C-6850-441A-8209-CE0CE3C2104F}.Debug|Any CPU.ActiveCfg = Debug|Any CPU
		{D0D4280C-6850-441A-8209-CE0CE3C2104F}.Debug|Any CPU.Build.0 = Debug|Any CPU
		{D0D4280C-6850-441A-8209-CE0CE3C2104F}.Release|Any CPU.ActiveCfg = Release|Any CPU
		{D0D4280C-6850-441A-8209-CE0CE3C2104F}.Release|Any CPU.Build.0 = Release|Any CPU
	EndGlobalSection
	GlobalSection(SolutionProperties) = preSolution
		HideSolutionNode = FALSE
	EndGlobalSection
	GlobalSection(ExtensibilityGlobals) = postSolution
		SolutionGuid = {9BE83F98-9B6F-4D5F-B802-24AD00FA9298}
	EndGlobalSection
EndGlobal
